Microsoft Visual Studio Solution File, Format Version 8.00
Project("{FAE04EC0-301F-11D3-BF4B-00C04F79EFBC}") = "Step5", "Step5.csproj", "{DE8FEF2E-6E28-4456-9712-68437802A747}"
	ProjectSection(ProjectDependencies) = postProject
	EndProjectSection
EndProject
Global
	GlobalSection(SolutionConfiguration) = preSolution
		Debug = Debug
		Release = Release
	EndGlobalSection
	GlobalSection(ProjectConfiguration) = postSolution
		{DE8FEF2E-6E28-4456-9712-68437802A747}.Debug.ActiveCfg = Debug|.NET
		{DE8FEF2E-6E28-4456-9712-68437802A747}.Debug.Build.0 = Debug|.NET
		{DE8FEF2E-6E28-4456-9712-68437802A747}.Release.ActiveCfg = Release|.NET
		{DE8FEF2E-6E28-4456-9712-68437802A747}.Release.Build.0 = Release|.NET
	EndGlobalSection
	GlobalSection(ExtensibilityGlobals) = postSolution
	EndGlobalSection
	GlobalSection(ExtensibilityAddIns) = postSolution
	EndGlobalSection
EndGlobal
