
Microsoft Visual Studio Solution File, Format Version 9.00
# Visual Studio 2005
Project("{8BC9CEB8-8B4A-11D0-8D11-00A0C91BC942}") = "ConsoleDemo", "ConsoleDemo.vcproj", "{B61165A3-53C1-49CD-BFE4-E169D86A4A53}"
EndProject
Global
	GlobalSection(SolutionConfigurationPlatforms) = preSolution
		Debug|Win32 = Debug|Win32
		Release|Win32 = Release|Win32
	EndGlobalSection
	GlobalSection(ProjectConfigurationPlatforms) = postSolution
		{B61165A3-53C1-49CD-BFE4-E169D86A4A53}.Debug|Win32.ActiveCfg = Debug|Win32
		{B61165A3-53C1-49CD-BFE4-E169D86A4A53}.Debug|Win32.Build.0 = Debug|Win32
		{B61165A3-53C1-49CD-BFE4-E169D86A4A53}.Release|Win32.ActiveCfg = Release|Win32
		{B61165A3-53C1-49CD-BFE4-E169D86A4A53}.Release|Win32.Build.0 = Release|Win32
	EndGlobalSection
	GlobalSection(SolutionProperties) = preSolution
		HideSolutionNode = FALSE
	EndGlobalSection
EndGlobal
