Microsoft Visual Studio Solution File, Format Version 7.00
Project("{8BC9CEB8-8B4A-11D0-8D11-00A0C91BC942}") = "shakecam", "shakecam.vcproj", "{5B4E0A3C-4D1D-4116-9089-D9A0115618A2}"
EndProject
Global
	GlobalSection(SolutionConfiguration) = preSolution
		ConfigName.0 = Debug
		ConfigName.1 = Release
	EndGlobalSection
	GlobalSection(ProjectDependencies) = postSolution
	EndGlobalSection
	GlobalSection(ProjectConfiguration) = postSolution
		{5B4E0A3C-4D1D-4116-9089-D9A0115618A2}.Debug.ActiveCfg = Debug|Win32
		{5B4E0A3C-4D1D-4116-9089-D9A0115618A2}.Debug.Build.0 = Debug|Win32
		{5B4E0A3C-4D1D-4116-9089-D9A0115618A2}.Release.ActiveCfg = Release|Win32
		{5B4E0A3C-4D1D-4116-9089-D9A0115618A2}.Release.Build.0 = Release|Win32
	EndGlobalSection
	GlobalSection(ExtensibilityGlobals) = postSolution
	EndGlobalSection
	GlobalSection(ExtensibilityAddIns) = postSolution
	EndGlobalSection
EndGlobal
