Microsoft Visual Studio Solution File, Format Version 8.00
Project("{8BC9CEB8-8B4A-11D0-8D11-00A0C91BC942}") = "RPCDuel", "duel.vcproj", "{1B41BEFD-CA6A-49D3-8DE5-26D6A2A2B643}"
	ProjectSection(ProjectDependencies) = postProject
	EndProjectSection
EndProject
Project("{8BC9CEB8-8B4A-11D0-8D11-00A0C91BC942}") = "MyRPC", "..\MyRPC\MyRPC.vcproj", "{0573B99B-BC3D-423D-B724-68FAE2A05018}"
	ProjectSection(ProjectDependencies) = postProject
	EndProjectSection
EndProject
Global
	GlobalSection(SolutionConfiguration) = preSolution
		Debug = Debug
		Release = Release
	EndGlobalSection
	GlobalSection(ProjectConfiguration) = postSolution
		{1B41BEFD-CA6A-49D3-8DE5-26D6A2A2B643}.Debug.ActiveCfg = Debug|Win32
		{1B41BEFD-CA6A-49D3-8DE5-26D6A2A2B643}.Debug.Build.0 = Debug|Win32
		{1B41BEFD-CA6A-49D3-8DE5-26D6A2A2B643}.Release.ActiveCfg = Release|Win32
		{1B41BEFD-CA6A-49D3-8DE5-26D6A2A2B643}.Release.Build.0 = Release|Win32
		{0573B99B-BC3D-423D-B724-68FAE2A05018}.Debug.ActiveCfg = Debug|Win32
		{0573B99B-BC3D-423D-B724-68FAE2A05018}.Debug.Build.0 = Debug|Win32
		{0573B99B-BC3D-423D-B724-68FAE2A05018}.Release.ActiveCfg = Release|Win32
		{0573B99B-BC3D-423D-B724-68FAE2A05018}.Release.Build.0 = Release|Win32
	EndGlobalSection
	GlobalSection(ExtensibilityGlobals) = postSolution
	EndGlobalSection
	GlobalSection(ExtensibilityAddIns) = postSolution
	EndGlobalSection
EndGlobal
