Microsoft Visual Studio Solution File, Format Version 8.00
Project("{8BC9CEB8-8B4A-11D0-8D11-00A0C91BC942}") = "viewer", "viewer.vcproj", "{881A5395-5534-4651-B85B-3EF9672E557D}"
	ProjectSection(ProjectDependencies) = postProject
	EndProjectSection
EndProject
Global
	GlobalSection(SolutionConfiguration) = preSolution
		Debug = Debug
		Release = Release
	EndGlobalSection
	GlobalSection(ProjectConfiguration) = postSolution
		{881A5395-5534-4651-B85B-3EF9672E557D}.Debug.ActiveCfg = Debug|Win32
		{881A5395-5534-4651-B85B-3EF9672E557D}.Debug.Build.0 = Debug|Win32
		{881A5395-5534-4651-B85B-3EF9672E557D}.Release.ActiveCfg = Release|Win32
		{881A5395-5534-4651-B85B-3EF9672E557D}.Release.Build.0 = Release|Win32
	EndGlobalSection
	GlobalSection(ExtensibilityGlobals) = postSolution
	EndGlobalSection
	GlobalSection(ExtensibilityAddIns) = postSolution
	EndGlobalSection
EndGlobal
