// !$*UTF8*$!
{
	archiveVersion = 1;
	classes = {
	};
	objectVersion = 39;
	objects = {
		3C64F53C070F00920065A7D5 = {
			children = (
				3C64F573070F012D0065A7D5,
				3C64F570070F01290065A7D5,
				3C64F56D070F01230065A7D5,
				3C64F54D070F009D0065A7D5,
			);
			isa = PBXGroup;
			refType = 4;
			sourceTree = "<group>";
		};
		3C64F53E070F00920065A7D5 = {
			buildSettings = {
				COPY_PHASE_STRIP = NO;
			};
			isa = PBXBuildStyle;
			name = Development;
		};
		3C64F53F070F00920065A7D5 = {
			buildSettings = {
				COPY_PHASE_STRIP = YES;
			};
			isa = PBXBuildStyle;
			name = Deployment;
		};
		3C64F540070F00920065A7D5 = {
			buildSettings = {
			};
			buildStyles = (
				3C64F53E070F00920065A7D5,
				3C64F53F070F00920065A7D5,
			);
			hasScannedForEncodings = 0;
			isa = PBXProject;
			mainGroup = 3C64F53C070F00920065A7D5;
			productRefGroup = 3C64F54D070F009D0065A7D5;
			projectDirPath = "";
			targets = (
				3C64F54B070F009D0065A7D5,
				3C64F562070F00A70065A7D5,
			);
		};
		3C64F546070F009D0065A7D5 = {
			buildActionMask = 2147483647;
			files = (
				3C64F579070F01390065A7D5,
			);
			isa = PBXHeadersBuildPhase;
			runOnlyForDeploymentPostprocessing = 0;
		};
		3C64F547070F009D0065A7D5 = {
			buildActionMask = 2147483647;
			files = (
			);
			isa = PBXResourcesBuildPhase;
			runOnlyForDeploymentPostprocessing = 0;
		};
		3C64F548070F009D0065A7D5 = {
			buildActionMask = 2147483647;
			files = (
				3C64F578070F01390065A7D5,
			);
			isa = PBXSourcesBuildPhase;
			runOnlyForDeploymentPostprocessing = 0;
		};
		3C64F549070F009D0065A7D5 = {
			buildActionMask = 2147483647;
			files = (
				3C64F57F070F01480065A7D5,
				3C64F584070F01590065A7D5,
				3C64F589070F01690065A7D5,
				3C75613307159C0F00B55102,
				3C75613407159C0F00B55102,
				3C75613507159C0F00B55102,
			);
			isa = PBXFrameworksBuildPhase;
			runOnlyForDeploymentPostprocessing = 0;
		};
		3C64F54A070F009D0065A7D5 = {
			buildActionMask = 2147483647;
			files = (
			);
			isa = PBXRezBuildPhase;
			runOnlyForDeploymentPostprocessing = 0;
		};
		3C64F54B070F009D0065A7D5 = {
			buildPhases = (
				3C64F546070F009D0065A7D5,
				3C64F547070F009D0065A7D5,
				3C64F548070F009D0065A7D5,
				3C64F549070F009D0065A7D5,
				3C64F54A070F009D0065A7D5,
			);
			buildSettings = {
				HEADER_SEARCH_PATHS = "\"${SRCROOT}/../../Include\"";
				LIBRARY_SEARCH_PATHS = "\"${SRCROOT}/../../Library/Debug\"";
				OPTIMIZATION_CFLAGS = "-O0";
				OTHER_CFLAGS = "-D_DEBUG";
				OTHER_LDFLAGS = "";
				OTHER_REZFLAGS = "";
				PRODUCT_NAME = TestGlossMapDebug;
				SECTORDER_FLAGS = "";
				WARNING_CFLAGS = "-Wmost -Wno-four-char-constants -Wno-unknown-pragmas";
				WRAPPER_EXTENSION = app;
			};
			dependencies = (
			);
			isa = PBXApplicationTarget;
			name = Debug;
			productInstallPath = "$(USER_APPS_DIR)";
			productName = Debug;
			productReference = 3C64F54C070F009D0065A7D5;
			productSettingsXML = "<?xml version=\"1.0\" encoding=\"UTF-8\"?>
<!DOCTYPE plist PUBLIC \"-//Apple Computer//DTD PLIST 1.0//EN\" \"http://www.apple.com/DTDs/PropertyList-1.0.dtd\">
<plist version=\"1.0\">
<dict>
	<key>CFBundleDevelopmentRegion</key>
	<string>English</string>
	<key>CFBundleExecutable</key>
	<string>TestGlossMapDebug</string>
	<key>CFBundleGetInfoString</key>
	<string></string>
	<key>CFBundleIconFile</key>
	<string></string>
	<key>CFBundleIdentifier</key>
	<string></string>
	<key>CFBundleInfoDictionaryVersion</key>
	<string>6.0</string>
	<key>CFBundleName</key>
	<string></string>
	<key>CFBundlePackageType</key>
	<string>APPL</string>
	<key>CFBundleShortVersionString</key>
	<string></string>
	<key>CFBundleSignature</key>
	<string>????</string>
	<key>CFBundleVersion</key>
	<string>0.0.1d1</string>
</dict>
</plist>
";
		};
		3C64F54C070F009D0065A7D5 = {
			explicitFileType = wrapper.application;
			includeInIndex = 0;
			isa = PBXFileReference;
			path = TestGlossMapDebug.app;
			refType = 3;
			sourceTree = BUILT_PRODUCTS_DIR;
		};
		3C64F54D070F009D0065A7D5 = {
			children = (
				3C64F54C070F009D0065A7D5,
				3C64F563070F00A70065A7D5,
			);
			isa = PBXGroup;
			name = Products;
			refType = 4;
			sourceTree = "<group>";
		};
		3C64F55D070F00A70065A7D5 = {
			buildActionMask = 2147483647;
			files = (
				3C64F57B070F01390065A7D5,
			);
			isa = PBXHeadersBuildPhase;
			runOnlyForDeploymentPostprocessing = 0;
		};
		3C64F55E070F00A70065A7D5 = {
			buildActionMask = 2147483647;
			files = (
			);
			isa = PBXResourcesBuildPhase;
			runOnlyForDeploymentPostprocessing = 0;
		};
		3C64F55F070F00A70065A7D5 = {
			buildActionMask = 2147483647;
			files = (
				3C64F57A070F01390065A7D5,
			);
			isa = PBXSourcesBuildPhase;
			runOnlyForDeploymentPostprocessing = 0;
		};
		3C64F560070F00A70065A7D5 = {
			buildActionMask = 2147483647;
			files = (
				3C64F580070F01480065A7D5,
				3C64F585070F01590065A7D5,
				3C64F58A070F01690065A7D5,
				3C75612A07159C0100B55102,
				3C75612B07159C0100B55102,
				3C75612C07159C0100B55102,
			);
			isa = PBXFrameworksBuildPhase;
			runOnlyForDeploymentPostprocessing = 0;
		};
		3C64F561070F00A70065A7D5 = {
			buildActionMask = 2147483647;
			files = (
			);
			isa = PBXRezBuildPhase;
			runOnlyForDeploymentPostprocessing = 0;
		};
		3C64F562070F00A70065A7D5 = {
			buildPhases = (
				3C64F55D070F00A70065A7D5,
				3C64F55E070F00A70065A7D5,
				3C64F55F070F00A70065A7D5,
				3C64F560070F00A70065A7D5,
				3C64F561070F00A70065A7D5,
			);
			buildSettings = {
				HEADER_SEARCH_PATHS = "\"${SRCROOT}/../../Include\"";
				LIBRARY_SEARCH_PATHS = "\"${SRCROOT}/../../Library/Release\"";
				OTHER_CFLAGS = "-DNDEBUG";
				OTHER_LDFLAGS = "";
				OTHER_REZFLAGS = "";
				PRODUCT_NAME = TestGlossMapRelease;
				SECTORDER_FLAGS = "";
				WARNING_CFLAGS = "-Wmost -Wno-four-char-constants -Wno-unknown-pragmas";
				WRAPPER_EXTENSION = app;
			};
			dependencies = (
			);
			isa = PBXApplicationTarget;
			name = Release;
			productInstallPath = "$(USER_APPS_DIR)";
			productName = Release;
			productReference = 3C64F563070F00A70065A7D5;
			productSettingsXML = "<?xml version=\"1.0\" encoding=\"UTF-8\"?>
<!DOCTYPE plist PUBLIC \"-//Apple Computer//DTD PLIST 1.0//EN\" \"http://www.apple.com/DTDs/PropertyList-1.0.dtd\">
<plist version=\"1.0\">
<dict>
	<key>CFBundleDevelopmentRegion</key>
	<string>English</string>
	<key>CFBundleExecutable</key>
	<string>TestGlossMapRelease</string>
	<key>CFBundleGetInfoString</key>
	<string></string>
	<key>CFBundleIconFile</key>
	<string></string>
	<key>CFBundleIdentifier</key>
	<string></string>
	<key>CFBundleInfoDictionaryVersion</key>
	<string>6.0</string>
	<key>CFBundleName</key>
	<string></string>
	<key>CFBundlePackageType</key>
	<string>APPL</string>
	<key>CFBundleShortVersionString</key>
	<string></string>
	<key>CFBundleSignature</key>
	<string>????</string>
	<key>CFBundleVersion</key>
	<string>0.0.1d1</string>
</dict>
</plist>
";
		};
		3C64F563070F00A70065A7D5 = {
			explicitFileType = wrapper.application;
			includeInIndex = 0;
			isa = PBXFileReference;
			path = TestGlossMapRelease.app;
			refType = 3;
			sourceTree = BUILT_PRODUCTS_DIR;
		};
		3C64F56D070F01230065A7D5 = {
			children = (
				3C75612F07159C0F00B55102,
				3C75612607159C0100B55102,
			);
			isa = PBXGroup;
			name = Library;
			refType = 4;
			sourceTree = "<group>";
		};
		3C64F570070F01290065A7D5 = {
			children = (
				3C64F588070F01690065A7D5,
				3C64F583070F01590065A7D5,
				3C64F57E070F01480065A7D5,
			);
			isa = PBXGroup;
			name = Frameworks;
			refType = 4;
			sourceTree = "<group>";
		};
		3C64F573070F012D0065A7D5 = {
			children = (
				3C64F576070F01390065A7D5,
				3C64F577070F01390065A7D5,
			);
			isa = PBXGroup;
			name = Source;
			refType = 4;
			sourceTree = "<group>";
		};
		3C64F576070F01390065A7D5 = {
			fileEncoding = 30;
			isa = PBXFileReference;
			lastKnownFileType = sourcecode.cpp.cpp;
			path = TestGlossMap.cpp;
			refType = 4;
			sourceTree = "<group>";
		};
		3C64F577070F01390065A7D5 = {
			fileEncoding = 30;
			isa = PBXFileReference;
			lastKnownFileType = sourcecode.c.h;
			path = TestGlossMap.h;
			refType = 4;
			sourceTree = "<group>";
		};
		3C64F578070F01390065A7D5 = {
			fileRef = 3C64F576070F01390065A7D5;
			isa = PBXBuildFile;
			settings = {
			};
		};
		3C64F579070F01390065A7D5 = {
			fileRef = 3C64F577070F01390065A7D5;
			isa = PBXBuildFile;
			settings = {
			};
		};
		3C64F57A070F01390065A7D5 = {
			fileRef = 3C64F576070F01390065A7D5;
			isa = PBXBuildFile;
			settings = {
			};
		};
		3C64F57B070F01390065A7D5 = {
			fileRef = 3C64F577070F01390065A7D5;
			isa = PBXBuildFile;
			settings = {
			};
		};
		3C64F57E070F01480065A7D5 = {
			isa = PBXFileReference;
			lastKnownFileType = wrapper.framework;
			name = Cocoa.framework;
			path = /System/Library/Frameworks/Cocoa.framework;
			refType = 0;
			sourceTree = "<absolute>";
		};
		3C64F57F070F01480065A7D5 = {
			fileRef = 3C64F57E070F01480065A7D5;
			isa = PBXBuildFile;
			settings = {
			};
		};
		3C64F580070F01480065A7D5 = {
			fileRef = 3C64F57E070F01480065A7D5;
			isa = PBXBuildFile;
			settings = {
			};
		};
		3C64F583070F01590065A7D5 = {
			isa = PBXFileReference;
			lastKnownFileType = wrapper.framework;
			name = GLUT.framework;
			path = /System/Library/Frameworks/GLUT.framework;
			refType = 0;
			sourceTree = "<absolute>";
		};
		3C64F584070F01590065A7D5 = {
			fileRef = 3C64F583070F01590065A7D5;
			isa = PBXBuildFile;
			settings = {
			};
		};
		3C64F585070F01590065A7D5 = {
			fileRef = 3C64F583070F01590065A7D5;
			isa = PBXBuildFile;
			settings = {
			};
		};
		3C64F588070F01690065A7D5 = {
			isa = PBXFileReference;
			lastKnownFileType = wrapper.framework;
			name = OpenGL.framework;
			path = /System/Library/Frameworks/OpenGL.framework;
			refType = 0;
			sourceTree = "<absolute>";
		};
		3C64F589070F01690065A7D5 = {
			fileRef = 3C64F588070F01690065A7D5;
			isa = PBXBuildFile;
			settings = {
			};
		};
		3C64F58A070F01690065A7D5 = {
			fileRef = 3C64F588070F01690065A7D5;
			isa = PBXBuildFile;
			settings = {
			};
		};
		3C75612607159C0100B55102 = {
			children = (
				3C75612707159C0100B55102,
				3C75612807159C0100B55102,
				3C75612907159C0100B55102,
			);
			isa = PBXGroup;
			name = Release;
			path = /Users/eberly/Desktop/MagicSoftware/WildMagic3/Library/Release;
			refType = 0;
			sourceTree = "<absolute>";
		};
		3C75612707159C0100B55102 = {
			isa = PBXFileReference;
			lastKnownFileType = archive.ar;
			path = libApplication.a;
			refType = 4;
			sourceTree = "<group>";
		};
		3C75612807159C0100B55102 = {
			isa = PBXFileReference;
			lastKnownFileType = archive.ar;
			path = libOpenGLRenderer.a;
			refType = 4;
			sourceTree = "<group>";
		};
		3C75612907159C0100B55102 = {
			isa = PBXFileReference;
			lastKnownFileType = archive.ar;
			path = libWildMagic3.a;
			refType = 4;
			sourceTree = "<group>";
		};
		3C75612A07159C0100B55102 = {
			fileRef = 3C75612707159C0100B55102;
			isa = PBXBuildFile;
			settings = {
			};
		};
		3C75612B07159C0100B55102 = {
			fileRef = 3C75612807159C0100B55102;
			isa = PBXBuildFile;
			settings = {
			};
		};
		3C75612C07159C0100B55102 = {
			fileRef = 3C75612907159C0100B55102;
			isa = PBXBuildFile;
			settings = {
			};
		};
		3C75612F07159C0F00B55102 = {
			children = (
				3C75613007159C0F00B55102,
				3C75613107159C0F00B55102,
				3C75613207159C0F00B55102,
			);
			isa = PBXGroup;
			name = Debug;
			path = /Users/eberly/Desktop/MagicSoftware/WildMagic3/Library/Debug;
			refType = 0;
			sourceTree = "<absolute>";
		};
		3C75613007159C0F00B55102 = {
			isa = PBXFileReference;
			lastKnownFileType = archive.ar;
			path = libApplication.a;
			refType = 4;
			sourceTree = "<group>";
		};
		3C75613107159C0F00B55102 = {
			isa = PBXFileReference;
			lastKnownFileType = archive.ar;
			path = libOpenGLRenderer.a;
			refType = 4;
			sourceTree = "<group>";
		};
		3C75613207159C0F00B55102 = {
			isa = PBXFileReference;
			lastKnownFileType = archive.ar;
			path = libWildMagic3.a;
			refType = 4;
			sourceTree = "<group>";
		};
		3C75613307159C0F00B55102 = {
			fileRef = 3C75613007159C0F00B55102;
			isa = PBXBuildFile;
			settings = {
			};
		};
		3C75613407159C0F00B55102 = {
			fileRef = 3C75613107159C0F00B55102;
			isa = PBXBuildFile;
			settings = {
			};
		};
		3C75613507159C0F00B55102 = {
			fileRef = 3C75613207159C0F00B55102;
			isa = PBXBuildFile;
			settings = {
			};
		};
	};
	rootObject = 3C64F540070F00920065A7D5;
}
