Microsoft Visual Studio Solution File, Format Version 7.00
Project("{8BC9CEB8-8B4A-11D0-8D11-00A0C91BC942}") = "Metropolis", "Metropolis.vcproj", "{A683F712-E4F3-4E82-9DF1-76F729A8F940}"
EndProject
Global
	GlobalSection(SolutionConfiguration) = preSolution
		ConfigName.0 = Debug
		ConfigName.1 = Release
	EndGlobalSection
	GlobalSection(ProjectDependencies) = postSolution
	EndGlobalSection
	GlobalSection(ProjectConfiguration) = postSolution
		{A683F712-E4F3-4E82-9DF1-76F729A8F940}.Debug.ActiveCfg = Debug|Win32
		{A683F712-E4F3-4E82-9DF1-76F729A8F940}.Debug.Build.0 = Debug|Win32
		{A683F712-E4F3-4E82-9DF1-76F729A8F940}.Release.ActiveCfg = Release|Win32
		{A683F712-E4F3-4E82-9DF1-76F729A8F940}.Release.Build.0 = Release|Win32
	EndGlobalSection
	GlobalSection(ExtensibilityGlobals) = postSolution
	EndGlobalSection
	GlobalSection(ExtensibilityAddIns) = postSolution
	EndGlobalSection
EndGlobal
