Microsoft Visual Studio Solution File, Format Version 8.00
Project("{8BC9CEB8-8B4A-11D0-8D11-00A0C91BC942}") = "ABT", "ABT.vcproj", "{1467B0E0-98B7-4828-B391-9847B5CB4087}"
	ProjectSection(ProjectDependencies) = postProject
	EndProjectSection
EndProject
Global
	GlobalSection(SolutionConfiguration) = preSolution
		Debug = Debug
		Release = Release
	EndGlobalSection
	GlobalSection(ProjectConfiguration) = postSolution
		{1467B0E0-98B7-4828-B391-9847B5CB4087}.Debug.ActiveCfg = Debug|Win32
		{1467B0E0-98B7-4828-B391-9847B5CB4087}.Debug.Build.0 = Debug|Win32
		{1467B0E0-98B7-4828-B391-9847B5CB4087}.Release.ActiveCfg = Release|Win32
		{1467B0E0-98B7-4828-B391-9847B5CB4087}.Release.Build.0 = Release|Win32
	EndGlobalSection
	GlobalSection(ExtensibilityGlobals) = postSolution
	EndGlobalSection
	GlobalSection(ExtensibilityAddIns) = postSolution
	EndGlobalSection
EndGlobal
