// !$*UTF8*$!
{
	archiveVersion = 1;
	classes = {
	};
	objectVersion = 39;
	objects = {
		3C65FBF307105952003D4CD0 = {
			children = (
				3C65FC2A071059DC003D4CD0,
				3C65FC27071059D7003D4CD0,
				3C65FC24071059D3003D4CD0,
				3C65FC040710595B003D4CD0,
			);
			isa = PBXGroup;
			refType = 4;
			sourceTree = "<group>";
		};
		3C65FBF507105953003D4CD0 = {
			buildSettings = {
				COPY_PHASE_STRIP = NO;
			};
			isa = PBXBuildStyle;
			name = Development;
		};
		3C65FBF607105953003D4CD0 = {
			buildSettings = {
				COPY_PHASE_STRIP = YES;
			};
			isa = PBXBuildStyle;
			name = Deployment;
		};
		3C65FBF707105953003D4CD0 = {
			buildSettings = {
			};
			buildStyles = (
				3C65FBF507105953003D4CD0,
				3C65FBF607105953003D4CD0,
			);
			hasScannedForEncodings = 0;
			isa = PBXProject;
			mainGroup = 3C65FBF307105952003D4CD0;
			productRefGroup = 3C65FC040710595B003D4CD0;
			projectDirPath = "";
			targets = (
				3C65FC020710595B003D4CD0,
				3C65FC1907105965003D4CD0,
			);
		};
		3C65FBFD0710595B003D4CD0 = {
			buildActionMask = 2147483647;
			files = (
				3C65FC32071059E7003D4CD0,
				3C65FC34071059E7003D4CD0,
			);
			isa = PBXHeadersBuildPhase;
			runOnlyForDeploymentPostprocessing = 0;
		};
		3C65FBFE0710595B003D4CD0 = {
			buildActionMask = 2147483647;
			files = (
			);
			isa = PBXResourcesBuildPhase;
			runOnlyForDeploymentPostprocessing = 0;
		};
		3C65FBFF0710595B003D4CD0 = {
			buildActionMask = 2147483647;
			files = (
				3C65FC31071059E7003D4CD0,
				3C65FC33071059E7003D4CD0,
			);
			isa = PBXSourcesBuildPhase;
			runOnlyForDeploymentPostprocessing = 0;
		};
		3C65FC000710595B003D4CD0 = {
			buildActionMask = 2147483647;
			files = (
				3C65FC3C071059F7003D4CD0,
				3C65FC4107105A07003D4CD0,
				3C65FC4607105A16003D4CD0,
				3C75639F0715C79E00B55102,
				3C7563A00715C79E00B55102,
				3C7563A10715C79E00B55102,
			);
			isa = PBXFrameworksBuildPhase;
			runOnlyForDeploymentPostprocessing = 0;
		};
		3C65FC010710595B003D4CD0 = {
			buildActionMask = 2147483647;
			files = (
			);
			isa = PBXRezBuildPhase;
			runOnlyForDeploymentPostprocessing = 0;
		};
		3C65FC020710595B003D4CD0 = {
			buildPhases = (
				3C65FBFD0710595B003D4CD0,
				3C65FBFE0710595B003D4CD0,
				3C65FBFF0710595B003D4CD0,
				3C65FC000710595B003D4CD0,
				3C65FC010710595B003D4CD0,
			);
			buildSettings = {
				HEADER_SEARCH_PATHS = "\"${SRCROOT}/../../Include\"";
				LIBRARY_SEARCH_PATHS = "\"${SRCROOT}/../../Library/Debug\"";
				OPTIMIZATION_CFLAGS = "-O0";
				OTHER_CFLAGS = "-D_DEBUG";
				OTHER_LDFLAGS = "";
				OTHER_REZFLAGS = "";
				PRODUCT_NAME = TestSortFacesDebug;
				SECTORDER_FLAGS = "";
				WARNING_CFLAGS = "-Wmost -Wno-four-char-constants -Wno-unknown-pragmas";
				WRAPPER_EXTENSION = app;
			};
			dependencies = (
			);
			isa = PBXApplicationTarget;
			name = Debug;
			productInstallPath = "$(USER_APPS_DIR)";
			productName = Debug;
			productReference = 3C65FC030710595B003D4CD0;
			productSettingsXML = "<?xml version=\"1.0\" encoding=\"UTF-8\"?>
<!DOCTYPE plist PUBLIC \"-//Apple Computer//DTD PLIST 1.0//EN\" \"http://www.apple.com/DTDs/PropertyList-1.0.dtd\">
<plist version=\"1.0\">
<dict>
	<key>CFBundleDevelopmentRegion</key>
	<string>English</string>
	<key>CFBundleExecutable</key>
	<string>TestSortFacesDebug</string>
	<key>CFBundleGetInfoString</key>
	<string></string>
	<key>CFBundleIconFile</key>
	<string></string>
	<key>CFBundleIdentifier</key>
	<string></string>
	<key>CFBundleInfoDictionaryVersion</key>
	<string>6.0</string>
	<key>CFBundleName</key>
	<string></string>
	<key>CFBundlePackageType</key>
	<string>APPL</string>
	<key>CFBundleShortVersionString</key>
	<string></string>
	<key>CFBundleSignature</key>
	<string>????</string>
	<key>CFBundleVersion</key>
	<string>0.0.1d1</string>
</dict>
</plist>
";
		};
		3C65FC030710595B003D4CD0 = {
			explicitFileType = wrapper.application;
			includeInIndex = 0;
			isa = PBXFileReference;
			path = TestSortFacesDebug.app;
			refType = 3;
			sourceTree = BUILT_PRODUCTS_DIR;
		};
		3C65FC040710595B003D4CD0 = {
			children = (
				3C65FC030710595B003D4CD0,
				3C65FC1A07105965003D4CD0,
			);
			isa = PBXGroup;
			name = Products;
			refType = 4;
			sourceTree = "<group>";
		};
		3C65FC1407105965003D4CD0 = {
			buildActionMask = 2147483647;
			files = (
				3C65FC36071059E7003D4CD0,
				3C65FC38071059E7003D4CD0,
			);
			isa = PBXHeadersBuildPhase;
			runOnlyForDeploymentPostprocessing = 0;
		};
		3C65FC1507105965003D4CD0 = {
			buildActionMask = 2147483647;
			files = (
			);
			isa = PBXResourcesBuildPhase;
			runOnlyForDeploymentPostprocessing = 0;
		};
		3C65FC1607105965003D4CD0 = {
			buildActionMask = 2147483647;
			files = (
				3C65FC35071059E7003D4CD0,
				3C65FC37071059E7003D4CD0,
			);
			isa = PBXSourcesBuildPhase;
			runOnlyForDeploymentPostprocessing = 0;
		};
		3C65FC1707105965003D4CD0 = {
			buildActionMask = 2147483647;
			files = (
				3C65FC3D071059F7003D4CD0,
				3C65FC4207105A07003D4CD0,
				3C65FC4707105A16003D4CD0,
				3C7563960715C79100B55102,
				3C7563970715C79100B55102,
				3C7563980715C79100B55102,
			);
			isa = PBXFrameworksBuildPhase;
			runOnlyForDeploymentPostprocessing = 0;
		};
		3C65FC1807105965003D4CD0 = {
			buildActionMask = 2147483647;
			files = (
			);
			isa = PBXRezBuildPhase;
			runOnlyForDeploymentPostprocessing = 0;
		};
		3C65FC1907105965003D4CD0 = {
			buildPhases = (
				3C65FC1407105965003D4CD0,
				3C65FC1507105965003D4CD0,
				3C65FC1607105965003D4CD0,
				3C65FC1707105965003D4CD0,
				3C65FC1807105965003D4CD0,
			);
			buildSettings = {
				HEADER_SEARCH_PATHS = "\"${SRCROOT}/../../Include\"";
				LIBRARY_SEARCH_PATHS = "\"${SRCROOT}/../../Library/Release\"";
				OTHER_CFLAGS = "-DNDEBUG";
				OTHER_LDFLAGS = "";
				OTHER_REZFLAGS = "";
				PRODUCT_NAME = TestSortFacesRelease;
				SECTORDER_FLAGS = "";
				WARNING_CFLAGS = "-Wmost -Wno-four-char-constants -Wno-unknown-pragmas";
				WRAPPER_EXTENSION = app;
			};
			dependencies = (
			);
			isa = PBXApplicationTarget;
			name = Release;
			productInstallPath = "$(USER_APPS_DIR)";
			productName = Release;
			productReference = 3C65FC1A07105965003D4CD0;
			productSettingsXML = "<?xml version=\"1.0\" encoding=\"UTF-8\"?>
<!DOCTYPE plist PUBLIC \"-//Apple Computer//DTD PLIST 1.0//EN\" \"http://www.apple.com/DTDs/PropertyList-1.0.dtd\">
<plist version=\"1.0\">
<dict>
	<key>CFBundleDevelopmentRegion</key>
	<string>English</string>
	<key>CFBundleExecutable</key>
	<string>TestSortFacesRelease</string>
	<key>CFBundleGetInfoString</key>
	<string></string>
	<key>CFBundleIconFile</key>
	<string></string>
	<key>CFBundleIdentifier</key>
	<string></string>
	<key>CFBundleInfoDictionaryVersion</key>
	<string>6.0</string>
	<key>CFBundleName</key>
	<string></string>
	<key>CFBundlePackageType</key>
	<string>APPL</string>
	<key>CFBundleShortVersionString</key>
	<string></string>
	<key>CFBundleSignature</key>
	<string>????</string>
	<key>CFBundleVersion</key>
	<string>0.0.1d1</string>
</dict>
</plist>
";
		};
		3C65FC1A07105965003D4CD0 = {
			explicitFileType = wrapper.application;
			includeInIndex = 0;
			isa = PBXFileReference;
			path = TestSortFacesRelease.app;
			refType = 3;
			sourceTree = BUILT_PRODUCTS_DIR;
		};
		3C65FC24071059D3003D4CD0 = {
			children = (
				3C75639B0715C79E00B55102,
				3C7563920715C79100B55102,
			);
			isa = PBXGroup;
			name = Library;
			refType = 4;
			sourceTree = "<group>";
		};
		3C65FC27071059D7003D4CD0 = {
			children = (
				3C65FC4507105A16003D4CD0,
				3C65FC4007105A07003D4CD0,
				3C65FC3B071059F7003D4CD0,
			);
			isa = PBXGroup;
			name = Frameworks;
			refType = 4;
			sourceTree = "<group>";
		};
		3C65FC2A071059DC003D4CD0 = {
			children = (
				3C65FC2D071059E7003D4CD0,
				3C65FC2E071059E7003D4CD0,
				3C65FC2F071059E7003D4CD0,
				3C65FC30071059E7003D4CD0,
			);
			isa = PBXGroup;
			name = Source;
			refType = 4;
			sourceTree = "<group>";
		};
		3C65FC2D071059E7003D4CD0 = {
			fileEncoding = 30;
			isa = PBXFileReference;
			lastKnownFileType = sourcecode.cpp.cpp;
			path = SortedCube.cpp;
			refType = 4;
			sourceTree = "<group>";
		};
		3C65FC2E071059E7003D4CD0 = {
			fileEncoding = 30;
			isa = PBXFileReference;
			lastKnownFileType = sourcecode.c.h;
			path = SortedCube.h;
			refType = 4;
			sourceTree = "<group>";
		};
		3C65FC2F071059E7003D4CD0 = {
			fileEncoding = 30;
			isa = PBXFileReference;
			lastKnownFileType = sourcecode.cpp.cpp;
			path = TestSortFaces.cpp;
			refType = 4;
			sourceTree = "<group>";
		};
		3C65FC30071059E7003D4CD0 = {
			fileEncoding = 30;
			isa = PBXFileReference;
			lastKnownFileType = sourcecode.c.h;
			path = TestSortFaces.h;
			refType = 4;
			sourceTree = "<group>";
		};
		3C65FC31071059E7003D4CD0 = {
			fileRef = 3C65FC2D071059E7003D4CD0;
			isa = PBXBuildFile;
			settings = {
			};
		};
		3C65FC32071059E7003D4CD0 = {
			fileRef = 3C65FC2E071059E7003D4CD0;
			isa = PBXBuildFile;
			settings = {
			};
		};
		3C65FC33071059E7003D4CD0 = {
			fileRef = 3C65FC2F071059E7003D4CD0;
			isa = PBXBuildFile;
			settings = {
			};
		};
		3C65FC34071059E7003D4CD0 = {
			fileRef = 3C65FC30071059E7003D4CD0;
			isa = PBXBuildFile;
			settings = {
			};
		};
		3C65FC35071059E7003D4CD0 = {
			fileRef = 3C65FC2D071059E7003D4CD0;
			isa = PBXBuildFile;
			settings = {
			};
		};
		3C65FC36071059E7003D4CD0 = {
			fileRef = 3C65FC2E071059E7003D4CD0;
			isa = PBXBuildFile;
			settings = {
			};
		};
		3C65FC37071059E7003D4CD0 = {
			fileRef = 3C65FC2F071059E7003D4CD0;
			isa = PBXBuildFile;
			settings = {
			};
		};
		3C65FC38071059E7003D4CD0 = {
			fileRef = 3C65FC30071059E7003D4CD0;
			isa = PBXBuildFile;
			settings = {
			};
		};
		3C65FC3B071059F7003D4CD0 = {
			isa = PBXFileReference;
			lastKnownFileType = wrapper.framework;
			name = Cocoa.framework;
			path = /System/Library/Frameworks/Cocoa.framework;
			refType = 0;
			sourceTree = "<absolute>";
		};
		3C65FC3C071059F7003D4CD0 = {
			fileRef = 3C65FC3B071059F7003D4CD0;
			isa = PBXBuildFile;
			settings = {
			};
		};
		3C65FC3D071059F7003D4CD0 = {
			fileRef = 3C65FC3B071059F7003D4CD0;
			isa = PBXBuildFile;
			settings = {
			};
		};
		3C65FC4007105A07003D4CD0 = {
			isa = PBXFileReference;
			lastKnownFileType = wrapper.framework;
			name = GLUT.framework;
			path = /System/Library/Frameworks/GLUT.framework;
			refType = 0;
			sourceTree = "<absolute>";
		};
		3C65FC4107105A07003D4CD0 = {
			fileRef = 3C65FC4007105A07003D4CD0;
			isa = PBXBuildFile;
			settings = {
			};
		};
		3C65FC4207105A07003D4CD0 = {
			fileRef = 3C65FC4007105A07003D4CD0;
			isa = PBXBuildFile;
			settings = {
			};
		};
		3C65FC4507105A16003D4CD0 = {
			isa = PBXFileReference;
			lastKnownFileType = wrapper.framework;
			name = OpenGL.framework;
			path = /System/Library/Frameworks/OpenGL.framework;
			refType = 0;
			sourceTree = "<absolute>";
		};
		3C65FC4607105A16003D4CD0 = {
			fileRef = 3C65FC4507105A16003D4CD0;
			isa = PBXBuildFile;
			settings = {
			};
		};
		3C65FC4707105A16003D4CD0 = {
			fileRef = 3C65FC4507105A16003D4CD0;
			isa = PBXBuildFile;
			settings = {
			};
		};
		3C7563920715C79100B55102 = {
			children = (
				3C7563930715C79100B55102,
				3C7563940715C79100B55102,
				3C7563950715C79100B55102,
			);
			isa = PBXGroup;
			name = Release;
			path = /Users/eberly/Desktop/MagicSoftware/WildMagic3/Library/Release;
			refType = 0;
			sourceTree = "<absolute>";
		};
		3C7563930715C79100B55102 = {
			isa = PBXFileReference;
			lastKnownFileType = archive.ar;
			path = libApplication.a;
			refType = 4;
			sourceTree = "<group>";
		};
		3C7563940715C79100B55102 = {
			isa = PBXFileReference;
			lastKnownFileType = archive.ar;
			path = libOpenGLRenderer.a;
			refType = 4;
			sourceTree = "<group>";
		};
		3C7563950715C79100B55102 = {
			isa = PBXFileReference;
			lastKnownFileType = archive.ar;
			path = libWildMagic3.a;
			refType = 4;
			sourceTree = "<group>";
		};
		3C7563960715C79100B55102 = {
			fileRef = 3C7563930715C79100B55102;
			isa = PBXBuildFile;
			settings = {
			};
		};
		3C7563970715C79100B55102 = {
			fileRef = 3C7563940715C79100B55102;
			isa = PBXBuildFile;
			settings = {
			};
		};
		3C7563980715C79100B55102 = {
			fileRef = 3C7563950715C79100B55102;
			isa = PBXBuildFile;
			settings = {
			};
		};
		3C75639B0715C79E00B55102 = {
			children = (
				3C75639C0715C79E00B55102,
				3C75639D0715C79E00B55102,
				3C75639E0715C79E00B55102,
			);
			isa = PBXGroup;
			name = Debug;
			path = /Users/eberly/Desktop/MagicSoftware/WildMagic3/Library/Debug;
			refType = 0;
			sourceTree = "<absolute>";
		};
		3C75639C0715C79E00B55102 = {
			isa = PBXFileReference;
			lastKnownFileType = archive.ar;
			path = libApplication.a;
			refType = 4;
			sourceTree = "<group>";
		};
		3C75639D0715C79E00B55102 = {
			isa = PBXFileReference;
			lastKnownFileType = archive.ar;
			path = libOpenGLRenderer.a;
			refType = 4;
			sourceTree = "<group>";
		};
		3C75639E0715C79E00B55102 = {
			isa = PBXFileReference;
			lastKnownFileType = archive.ar;
			path = libWildMagic3.a;
			refType = 4;
			sourceTree = "<group>";
		};
		3C75639F0715C79E00B55102 = {
			fileRef = 3C75639C0715C79E00B55102;
			isa = PBXBuildFile;
			settings = {
			};
		};
		3C7563A00715C79E00B55102 = {
			fileRef = 3C75639D0715C79E00B55102;
			isa = PBXBuildFile;
			settings = {
			};
		};
		3C7563A10715C79E00B55102 = {
			fileRef = 3C75639E0715C79E00B55102;
			isa = PBXBuildFile;
			settings = {
			};
		};
	};
	rootObject = 3C65FBF707105953003D4CD0;
}
