// !$*UTF8*$!
{
	archiveVersion = 1;
	classes = {
	};
	objectVersion = 39;
	objects = {
		3C65FA2E07104D96003D4CD0 = {
			children = (
				3C65FA6507104E20003D4CD0,
				3C65FA6207104E1B003D4CD0,
				3C65FA5F07104E17003D4CD0,
				3C65FA3F07104DA0003D4CD0,
			);
			isa = PBXGroup;
			refType = 4;
			sourceTree = "<group>";
		};
		3C65FA3007104D96003D4CD0 = {
			buildSettings = {
				COPY_PHASE_STRIP = NO;
			};
			isa = PBXBuildStyle;
			name = Development;
		};
		3C65FA3107104D96003D4CD0 = {
			buildSettings = {
				COPY_PHASE_STRIP = YES;
			};
			isa = PBXBuildStyle;
			name = Deployment;
		};
		3C65FA3207104D96003D4CD0 = {
			buildSettings = {
			};
			buildStyles = (
				3C65FA3007104D96003D4CD0,
				3C65FA3107104D96003D4CD0,
			);
			hasScannedForEncodings = 0;
			isa = PBXProject;
			mainGroup = 3C65FA2E07104D96003D4CD0;
			productRefGroup = 3C65FA3F07104DA0003D4CD0;
			projectDirPath = "";
			targets = (
				3C65FA3D07104DA0003D4CD0,
				3C65FA5407104DA9003D4CD0,
			);
		};
		3C65FA3807104DA0003D4CD0 = {
			buildActionMask = 2147483647;
			files = (
				3C65FA6B07104E2E003D4CD0,
			);
			isa = PBXHeadersBuildPhase;
			runOnlyForDeploymentPostprocessing = 0;
		};
		3C65FA3907104DA0003D4CD0 = {
			buildActionMask = 2147483647;
			files = (
			);
			isa = PBXResourcesBuildPhase;
			runOnlyForDeploymentPostprocessing = 0;
		};
		3C65FA3A07104DA0003D4CD0 = {
			buildActionMask = 2147483647;
			files = (
				3C65FA6A07104E2E003D4CD0,
			);
			isa = PBXSourcesBuildPhase;
			runOnlyForDeploymentPostprocessing = 0;
		};
		3C65FA3B07104DA0003D4CD0 = {
			buildActionMask = 2147483647;
			files = (
				3C65FA7107104E3E003D4CD0,
				3C65FA7607104E50003D4CD0,
				3C65FA7B07104E5F003D4CD0,
				3C7562FB0715A81200B55102,
				3C7562FC0715A81200B55102,
				3C7562FD0715A81200B55102,
			);
			isa = PBXFrameworksBuildPhase;
			runOnlyForDeploymentPostprocessing = 0;
		};
		3C65FA3C07104DA0003D4CD0 = {
			buildActionMask = 2147483647;
			files = (
			);
			isa = PBXRezBuildPhase;
			runOnlyForDeploymentPostprocessing = 0;
		};
		3C65FA3D07104DA0003D4CD0 = {
			buildPhases = (
				3C65FA3807104DA0003D4CD0,
				3C65FA3907104DA0003D4CD0,
				3C65FA3A07104DA0003D4CD0,
				3C65FA3B07104DA0003D4CD0,
				3C65FA3C07104DA0003D4CD0,
			);
			buildSettings = {
				HEADER_SEARCH_PATHS = "\"${SRCROOT}/../../Include\"";
				LIBRARY_SEARCH_PATHS = "\"${SRCROOT}/../../Library/Debug\"";
				OPTIMIZATION_CFLAGS = "-O0";
				OTHER_CFLAGS = "-D_DEBUG";
				OTHER_LDFLAGS = "";
				OTHER_REZFLAGS = "";
				PRODUCT_NAME = TestPortalsDebug;
				SECTORDER_FLAGS = "";
				WARNING_CFLAGS = "-Wmost -Wno-four-char-constants -Wno-unknown-pragmas";
				WRAPPER_EXTENSION = app;
			};
			dependencies = (
			);
			isa = PBXApplicationTarget;
			name = Debug;
			productInstallPath = "$(USER_APPS_DIR)";
			productName = Debug;
			productReference = 3C65FA3E07104DA0003D4CD0;
			productSettingsXML = "<?xml version=\"1.0\" encoding=\"UTF-8\"?>
<!DOCTYPE plist PUBLIC \"-//Apple Computer//DTD PLIST 1.0//EN\" \"http://www.apple.com/DTDs/PropertyList-1.0.dtd\">
<plist version=\"1.0\">
<dict>
	<key>CFBundleDevelopmentRegion</key>
	<string>English</string>
	<key>CFBundleExecutable</key>
	<string>TestPortalsDebug</string>
	<key>CFBundleGetInfoString</key>
	<string></string>
	<key>CFBundleIconFile</key>
	<string></string>
	<key>CFBundleIdentifier</key>
	<string></string>
	<key>CFBundleInfoDictionaryVersion</key>
	<string>6.0</string>
	<key>CFBundleName</key>
	<string></string>
	<key>CFBundlePackageType</key>
	<string>APPL</string>
	<key>CFBundleShortVersionString</key>
	<string></string>
	<key>CFBundleSignature</key>
	<string>????</string>
	<key>CFBundleVersion</key>
	<string>0.0.1d1</string>
</dict>
</plist>
";
		};
		3C65FA3E07104DA0003D4CD0 = {
			explicitFileType = wrapper.application;
			includeInIndex = 0;
			isa = PBXFileReference;
			path = TestPortalsDebug.app;
			refType = 3;
			sourceTree = BUILT_PRODUCTS_DIR;
		};
		3C65FA3F07104DA0003D4CD0 = {
			children = (
				3C65FA3E07104DA0003D4CD0,
				3C65FA5507104DA9003D4CD0,
			);
			isa = PBXGroup;
			name = Products;
			refType = 4;
			sourceTree = "<group>";
		};
		3C65FA4F07104DA9003D4CD0 = {
			buildActionMask = 2147483647;
			files = (
				3C65FA6D07104E2E003D4CD0,
			);
			isa = PBXHeadersBuildPhase;
			runOnlyForDeploymentPostprocessing = 0;
		};
		3C65FA5007104DA9003D4CD0 = {
			buildActionMask = 2147483647;
			files = (
			);
			isa = PBXResourcesBuildPhase;
			runOnlyForDeploymentPostprocessing = 0;
		};
		3C65FA5107104DA9003D4CD0 = {
			buildActionMask = 2147483647;
			files = (
				3C65FA6C07104E2E003D4CD0,
			);
			isa = PBXSourcesBuildPhase;
			runOnlyForDeploymentPostprocessing = 0;
		};
		3C65FA5207104DA9003D4CD0 = {
			buildActionMask = 2147483647;
			files = (
				3C65FA7207104E3E003D4CD0,
				3C65FA7707104E50003D4CD0,
				3C65FA7C07104E5F003D4CD0,
				3C7563040715A81F00B55102,
				3C7563050715A81F00B55102,
				3C7563060715A81F00B55102,
			);
			isa = PBXFrameworksBuildPhase;
			runOnlyForDeploymentPostprocessing = 0;
		};
		3C65FA5307104DA9003D4CD0 = {
			buildActionMask = 2147483647;
			files = (
			);
			isa = PBXRezBuildPhase;
			runOnlyForDeploymentPostprocessing = 0;
		};
		3C65FA5407104DA9003D4CD0 = {
			buildPhases = (
				3C65FA4F07104DA9003D4CD0,
				3C65FA5007104DA9003D4CD0,
				3C65FA5107104DA9003D4CD0,
				3C65FA5207104DA9003D4CD0,
				3C65FA5307104DA9003D4CD0,
			);
			buildSettings = {
				HEADER_SEARCH_PATHS = "\"${SRCROOT}/../../Include\"";
				LIBRARY_SEARCH_PATHS = "\"${SRCROOT}/../../Library/Release\"";
				OTHER_CFLAGS = "-DNDEBUG";
				OTHER_LDFLAGS = "";
				OTHER_REZFLAGS = "";
				PRODUCT_NAME = TestPortalsRelease;
				SECTORDER_FLAGS = "";
				WARNING_CFLAGS = "-Wmost -Wno-four-char-constants -Wno-unknown-pragmas";
				WRAPPER_EXTENSION = app;
			};
			dependencies = (
			);
			isa = PBXApplicationTarget;
			name = Release;
			productInstallPath = "$(USER_APPS_DIR)";
			productName = Release;
			productReference = 3C65FA5507104DA9003D4CD0;
			productSettingsXML = "<?xml version=\"1.0\" encoding=\"UTF-8\"?>
<!DOCTYPE plist PUBLIC \"-//Apple Computer//DTD PLIST 1.0//EN\" \"http://www.apple.com/DTDs/PropertyList-1.0.dtd\">
<plist version=\"1.0\">
<dict>
	<key>CFBundleDevelopmentRegion</key>
	<string>English</string>
	<key>CFBundleExecutable</key>
	<string>TestPortalsRelease</string>
	<key>CFBundleGetInfoString</key>
	<string></string>
	<key>CFBundleIconFile</key>
	<string></string>
	<key>CFBundleIdentifier</key>
	<string></string>
	<key>CFBundleInfoDictionaryVersion</key>
	<string>6.0</string>
	<key>CFBundleName</key>
	<string></string>
	<key>CFBundlePackageType</key>
	<string>APPL</string>
	<key>CFBundleShortVersionString</key>
	<string></string>
	<key>CFBundleSignature</key>
	<string>????</string>
	<key>CFBundleVersion</key>
	<string>0.0.1d1</string>
</dict>
</plist>
";
		};
		3C65FA5507104DA9003D4CD0 = {
			explicitFileType = wrapper.application;
			includeInIndex = 0;
			isa = PBXFileReference;
			path = TestPortalsRelease.app;
			refType = 3;
			sourceTree = BUILT_PRODUCTS_DIR;
		};
		3C65FA5F07104E17003D4CD0 = {
			children = (
				3C7562F70715A81200B55102,
				3C7563000715A81F00B55102,
			);
			isa = PBXGroup;
			name = Library;
			refType = 4;
			sourceTree = "<group>";
		};
		3C65FA6207104E1B003D4CD0 = {
			children = (
				3C65FA7A07104E5F003D4CD0,
				3C65FA7507104E50003D4CD0,
				3C65FA7007104E3E003D4CD0,
			);
			isa = PBXGroup;
			name = Frameworks;
			refType = 4;
			sourceTree = "<group>";
		};
		3C65FA6507104E20003D4CD0 = {
			children = (
				3C65FA6807104E2E003D4CD0,
				3C65FA6907104E2E003D4CD0,
			);
			isa = PBXGroup;
			name = Source;
			refType = 4;
			sourceTree = "<group>";
		};
		3C65FA6807104E2E003D4CD0 = {
			fileEncoding = 30;
			isa = PBXFileReference;
			lastKnownFileType = sourcecode.cpp.cpp;
			path = TestPortals.cpp;
			refType = 4;
			sourceTree = "<group>";
		};
		3C65FA6907104E2E003D4CD0 = {
			fileEncoding = 30;
			isa = PBXFileReference;
			lastKnownFileType = sourcecode.c.h;
			path = TestPortals.h;
			refType = 4;
			sourceTree = "<group>";
		};
		3C65FA6A07104E2E003D4CD0 = {
			fileRef = 3C65FA6807104E2E003D4CD0;
			isa = PBXBuildFile;
			settings = {
			};
		};
		3C65FA6B07104E2E003D4CD0 = {
			fileRef = 3C65FA6907104E2E003D4CD0;
			isa = PBXBuildFile;
			settings = {
			};
		};
		3C65FA6C07104E2E003D4CD0 = {
			fileRef = 3C65FA6807104E2E003D4CD0;
			isa = PBXBuildFile;
			settings = {
			};
		};
		3C65FA6D07104E2E003D4CD0 = {
			fileRef = 3C65FA6907104E2E003D4CD0;
			isa = PBXBuildFile;
			settings = {
			};
		};
		3C65FA7007104E3E003D4CD0 = {
			isa = PBXFileReference;
			lastKnownFileType = wrapper.framework;
			name = Cocoa.framework;
			path = /System/Library/Frameworks/Cocoa.framework;
			refType = 0;
			sourceTree = "<absolute>";
		};
		3C65FA7107104E3E003D4CD0 = {
			fileRef = 3C65FA7007104E3E003D4CD0;
			isa = PBXBuildFile;
			settings = {
			};
		};
		3C65FA7207104E3E003D4CD0 = {
			fileRef = 3C65FA7007104E3E003D4CD0;
			isa = PBXBuildFile;
			settings = {
			};
		};
		3C65FA7507104E50003D4CD0 = {
			isa = PBXFileReference;
			lastKnownFileType = wrapper.framework;
			name = GLUT.framework;
			path = /System/Library/Frameworks/GLUT.framework;
			refType = 0;
			sourceTree = "<absolute>";
		};
		3C65FA7607104E50003D4CD0 = {
			fileRef = 3C65FA7507104E50003D4CD0;
			isa = PBXBuildFile;
			settings = {
			};
		};
		3C65FA7707104E50003D4CD0 = {
			fileRef = 3C65FA7507104E50003D4CD0;
			isa = PBXBuildFile;
			settings = {
			};
		};
		3C65FA7A07104E5F003D4CD0 = {
			isa = PBXFileReference;
			lastKnownFileType = wrapper.framework;
			name = OpenGL.framework;
			path = /System/Library/Frameworks/OpenGL.framework;
			refType = 0;
			sourceTree = "<absolute>";
		};
		3C65FA7B07104E5F003D4CD0 = {
			fileRef = 3C65FA7A07104E5F003D4CD0;
			isa = PBXBuildFile;
			settings = {
			};
		};
		3C65FA7C07104E5F003D4CD0 = {
			fileRef = 3C65FA7A07104E5F003D4CD0;
			isa = PBXBuildFile;
			settings = {
			};
		};
		3C7562F70715A81200B55102 = {
			children = (
				3C7562F80715A81200B55102,
				3C7562F90715A81200B55102,
				3C7562FA0715A81200B55102,
			);
			isa = PBXGroup;
			name = Debug;
			path = /Users/eberly/Desktop/MagicSoftware/WildMagic3/Library/Debug;
			refType = 0;
			sourceTree = "<absolute>";
		};
		3C7562F80715A81200B55102 = {
			isa = PBXFileReference;
			lastKnownFileType = archive.ar;
			path = libApplication.a;
			refType = 4;
			sourceTree = "<group>";
		};
		3C7562F90715A81200B55102 = {
			isa = PBXFileReference;
			lastKnownFileType = archive.ar;
			path = libOpenGLRenderer.a;
			refType = 4;
			sourceTree = "<group>";
		};
		3C7562FA0715A81200B55102 = {
			isa = PBXFileReference;
			lastKnownFileType = archive.ar;
			path = libWildMagic3.a;
			refType = 4;
			sourceTree = "<group>";
		};
		3C7562FB0715A81200B55102 = {
			fileRef = 3C7562F80715A81200B55102;
			isa = PBXBuildFile;
			settings = {
			};
		};
		3C7562FC0715A81200B55102 = {
			fileRef = 3C7562F90715A81200B55102;
			isa = PBXBuildFile;
			settings = {
			};
		};
		3C7562FD0715A81200B55102 = {
			fileRef = 3C7562FA0715A81200B55102;
			isa = PBXBuildFile;
			settings = {
			};
		};
		3C7563000715A81F00B55102 = {
			children = (
				3C7563010715A81F00B55102,
				3C7563020715A81F00B55102,
				3C7563030715A81F00B55102,
			);
			isa = PBXGroup;
			name = Release;
			path = /Users/eberly/Desktop/MagicSoftware/WildMagic3/Library/Release;
			refType = 0;
			sourceTree = "<absolute>";
		};
		3C7563010715A81F00B55102 = {
			isa = PBXFileReference;
			lastKnownFileType = archive.ar;
			path = libApplication.a;
			refType = 4;
			sourceTree = "<group>";
		};
		3C7563020715A81F00B55102 = {
			isa = PBXFileReference;
			lastKnownFileType = archive.ar;
			path = libOpenGLRenderer.a;
			refType = 4;
			sourceTree = "<group>";
		};
		3C7563030715A81F00B55102 = {
			isa = PBXFileReference;
			lastKnownFileType = archive.ar;
			path = libWildMagic3.a;
			refType = 4;
			sourceTree = "<group>";
		};
		3C7563040715A81F00B55102 = {
			fileRef = 3C7563010715A81F00B55102;
			isa = PBXBuildFile;
			settings = {
			};
		};
		3C7563050715A81F00B55102 = {
			fileRef = 3C7563020715A81F00B55102;
			isa = PBXBuildFile;
			settings = {
			};
		};
		3C7563060715A81F00B55102 = {
			fileRef = 3C7563030715A81F00B55102;
			isa = PBXBuildFile;
			settings = {
			};
		};
	};
	rootObject = 3C65FA3207104D96003D4CD0;
}
