Microsoft Visual Studio Solution File, Format Version 8.00
Project("{8BC9CEB8-8B4A-11D0-8D11-00A0C91BC942}") = "GameMonkeyApp", "GameMonkeyApp.vcproj", "{6F7F7664-F1EA-48DF-86AE-B98D4A7312F6}"
	ProjectSection(ProjectDependencies) = postProject
	EndProjectSection
EndProject
Global
	GlobalSection(SolutionConfiguration) = preSolution
		Debug = Debug
		Release = Release
	EndGlobalSection
	GlobalSection(ProjectConfiguration) = postSolution
		{6F7F7664-F1EA-48DF-86AE-B98D4A7312F6}.Debug.ActiveCfg = Debug|Win32
		{6F7F7664-F1EA-48DF-86AE-B98D4A7312F6}.Debug.Build.0 = Debug|Win32
		{6F7F7664-F1EA-48DF-86AE-B98D4A7312F6}.Release.ActiveCfg = Release|Win32
		{6F7F7664-F1EA-48DF-86AE-B98D4A7312F6}.Release.Build.0 = Release|Win32
	EndGlobalSection
	GlobalSection(ExtensibilityGlobals) = postSolution
	EndGlobalSection
	GlobalSection(ExtensibilityAddIns) = postSolution
	EndGlobalSection
EndGlobal
